
Microsoft Visual Studio Solution File, Format Version 12.00
# Visual Studio Version 17
VisualStudioVersion = 17.7.34221.43
MinimumVisualStudioVersion = 10.0.40219.1
Project("{9A19103F-16F7-4668-BE54-9A1E7A4F7556}") = "Pathfinder_CharacterSheet", "Pathfinder_CharacterSheet\Pathfinder_CharacterSheet.csproj", "{287CC692-1ED4-4D39-BD1D-72059138494D}"
EndProject
Global
	GlobalSection(SolutionConfigurationPlatforms) = preSolution
		Debug|Any CPU = Debug|Any CPU
		Release|Any CPU = Release|Any CPU
	EndGlobalSection
	GlobalSection(ProjectConfigurationPlatforms) = postSolution
		{287CC692-1ED4-4D39-BD1D-72059138494D}.Debug|Any CPU.ActiveCfg = Debug|Any CPU
		{287CC692-1ED4-4D39-BD1D-72059138494D}.Debug|Any CPU.Build.0 = Debug|Any CPU
		{287CC692-1ED4-4D39-BD1D-72059138494D}.Release|Any CPU.ActiveCfg = Release|Any CPU
		{287CC692-1ED4-4D39-BD1D-72059138494D}.Release|Any CPU.Build.0 = Release|Any CPU
	EndGlobalSection
	GlobalSection(SolutionProperties) = preSolution
		HideSolutionNode = FALSE
	EndGlobalSection
	GlobalSection(ExtensibilityGlobals) = postSolution
		SolutionGuid = {BCD6B18A-2895-42AD-8984-72444C335D92}
	EndGlobalSection
EndGlobal
